
Microsoft Visual Studio Solution File, Format Version 12.00
# Visual Studio Version 17
VisualStudioVersion = 17.3.32804.467
MinimumVisualStudioVersion = 10.0.40219.1
Project("{FAE04EC0-301F-11D3-BF4B-00C04F79EFBC}") = "OBTS", "OBTS.csproj", "{8DC69F5D-21C6-4FCF-BB12-3E6A585312EE}"
EndProject
Global
	GlobalSection(SolutionConfigurationPlatforms) = preSolution
		Debug|Any CPU = Debug|Any CPU
		Release|Any CPU = Release|Any CPU
	EndGlobalSection
	GlobalSection(ProjectConfigurationPlatforms) = postSolution
		{8DC69F5D-21C6-4FCF-BB12-3E6A585312EE}.Debug|Any CPU.ActiveCfg = Debug|Any CPU
		{8DC69F5D-21C6-4FCF-BB12-3E6A585312EE}.Debug|Any CPU.Build.0 = Debug|Any CPU
		{8DC69F5D-21C6-4FCF-BB12-3E6A585312EE}.Release|Any CPU.ActiveCfg = Release|Any CPU
		{8DC69F5D-21C6-4FCF-BB12-3E6A585312EE}.Release|Any CPU.Build.0 = Release|Any CPU
	EndGlobalSection
	GlobalSection(SolutionProperties) = preSolution
		HideSolutionNode = FALSE
	EndGlobalSection
	GlobalSection(ExtensibilityGlobals) = postSolution
		SolutionGuid = {C20C608B-DEA1-4DDE-B79F-86D022128C70}
	EndGlobalSection
EndGlobal
